
Microsoft Visual Studio Solution File, Format Version 12.00
# Visual Studio 2013
VisualStudioVersion = 12.0.31101.0
MinimumVisualStudioVersion = 10.0.40219.1
Project("{FAE04EC0-301F-11D3-BF4B-00C04F79EFBC}") = "StatelessAuthentication.Server", "StatelessAuthentication.Server\StatelessAuthentication.Server\StatelessAuthentication.Server.csproj", "{CF36BF58-D08F-425A-9A6A-D0A86C506110}"
EndProject
Project("{FAE04EC0-301F-11D3-BF4B-00C04F79EFBC}") = "StatelessAuthentication.Models", "StatelessAuthentication.Models\StatelessAuthentication.Models.csproj", "{B6D88F28-F7B9-412E-B00B-9A5C0EE995D4}"
EndProject
Project("{FAE04EC0-301F-11D3-BF4B-00C04F79EFBC}") = "StatelessAuthentication.Client", "StatelessAuthentication.Client\StatelessAuthentication.Client.csproj", "{AA2A95CB-4ABA-47BE-B23B-B885FAEF55C9}"
EndProject
Project("{FAE04EC0-301F-11D3-BF4B-00C04F79EFBC}") = "StatelessAuthentication.Tests", "StatelessAuthentication.Tests\StatelessAuthentication.Tests.csproj", "{1024D7DD-526A-4497-A9D1-0770AB079139}"
EndProject
Global
	GlobalSection(SolutionConfigurationPlatforms) = preSolution
		Debug|Any CPU = Debug|Any CPU
		Release|Any CPU = Release|Any CPU
	EndGlobalSection
	GlobalSection(ProjectConfigurationPlatforms) = postSolution
		{CF36BF58-D08F-425A-9A6A-D0A86C506110}.Debug|Any CPU.ActiveCfg = Debug|Any CPU
		{CF36BF58-D08F-425A-9A6A-D0A86C506110}.Debug|Any CPU.Build.0 = Debug|Any CPU
		{CF36BF58-D08F-425A-9A6A-D0A86C506110}.Release|Any CPU.ActiveCfg = Release|Any CPU
		{CF36BF58-D08F-425A-9A6A-D0A86C506110}.Release|Any CPU.Build.0 = Release|Any CPU
		{B6D88F28-F7B9-412E-B00B-9A5C0EE995D4}.Debug|Any CPU.ActiveCfg = Debug|Any CPU
		{B6D88F28-F7B9-412E-B00B-9A5C0EE995D4}.Debug|Any CPU.Build.0 = Debug|Any CPU
		{B6D88F28-F7B9-412E-B00B-9A5C0EE995D4}.Release|Any CPU.ActiveCfg = Release|Any CPU
		{B6D88F28-F7B9-412E-B00B-9A5C0EE995D4}.Release|Any CPU.Build.0 = Release|Any CPU
		{AA2A95CB-4ABA-47BE-B23B-B885FAEF55C9}.Debug|Any CPU.ActiveCfg = Debug|Any CPU
		{AA2A95CB-4ABA-47BE-B23B-B885FAEF55C9}.Debug|Any CPU.Build.0 = Debug|Any CPU
		{AA2A95CB-4ABA-47BE-B23B-B885FAEF55C9}.Release|Any CPU.ActiveCfg = Release|Any CPU
		{AA2A95CB-4ABA-47BE-B23B-B885FAEF55C9}.Release|Any CPU.Build.0 = Release|Any CPU
		{1024D7DD-526A-4497-A9D1-0770AB079139}.Debug|Any CPU.ActiveCfg = Debug|Any CPU
		{1024D7DD-526A-4497-A9D1-0770AB079139}.Debug|Any CPU.Build.0 = Debug|Any CPU
		{1024D7DD-526A-4497-A9D1-0770AB079139}.Release|Any CPU.ActiveCfg = Release|Any CPU
		{1024D7DD-526A-4497-A9D1-0770AB079139}.Release|Any CPU.Build.0 = Release|Any CPU
	EndGlobalSection
	GlobalSection(SolutionProperties) = preSolution
		HideSolutionNode = FALSE
	EndGlobalSection
EndGlobal
